
Microsoft Visual Studio Solution File, Format Version 12.00
# Visual Studio Version 17
VisualStudioVersion = 17.4.33122.133
MinimumVisualStudioVersion = 10.0.40219.1
Project("{FAE04EC0-301F-11D3-BF4B-00C04F79EFBC}") = "tworzenie_maui_aplikacja_konsolowa", "tworzenie_maui_aplikacja_konsolowa\tworzenie_maui_aplikacja_konsolowa.csproj", "{0E17E47C-17A2-4D04-98FA-6EAD99055D5B}"
EndProject
Project("{FAE04EC0-301F-11D3-BF4B-00C04F79EFBC}") = "RównaniaKwadratowe_Model", "RównaniaKwadratowe_Model\RównaniaKwadratowe_Model.csproj", "{2A47CA99-85A1-4391-9AAE-6EB15E417536}"
EndProject
Project("{FAE04EC0-301F-11D3-BF4B-00C04F79EFBC}") = "RównaniaKwadratowe_test", "RównaniaKwadratowe_test\RównaniaKwadratowe_test.csproj", "{A590B6A1-2276-490C-B4B4-AA861E353706}"
EndProject
Global
	GlobalSection(SolutionConfigurationPlatforms) = preSolution
		Debug|Any CPU = Debug|Any CPU
		Release|Any CPU = Release|Any CPU
	EndGlobalSection
	GlobalSection(ProjectConfigurationPlatforms) = postSolution
		{0E17E47C-17A2-4D04-98FA-6EAD99055D5B}.Debug|Any CPU.ActiveCfg = Debug|Any CPU
		{0E17E47C-17A2-4D04-98FA-6EAD99055D5B}.Debug|Any CPU.Build.0 = Debug|Any CPU
		{0E17E47C-17A2-4D04-98FA-6EAD99055D5B}.Release|Any CPU.ActiveCfg = Release|Any CPU
		{0E17E47C-17A2-4D04-98FA-6EAD99055D5B}.Release|Any CPU.Build.0 = Release|Any CPU
		{2A47CA99-85A1-4391-9AAE-6EB15E417536}.Debug|Any CPU.ActiveCfg = Debug|Any CPU
		{2A47CA99-85A1-4391-9AAE-6EB15E417536}.Debug|Any CPU.Build.0 = Debug|Any CPU
		{2A47CA99-85A1-4391-9AAE-6EB15E417536}.Release|Any CPU.ActiveCfg = Release|Any CPU
		{2A47CA99-85A1-4391-9AAE-6EB15E417536}.Release|Any CPU.Build.0 = Release|Any CPU
		{A590B6A1-2276-490C-B4B4-AA861E353706}.Debug|Any CPU.ActiveCfg = Debug|Any CPU
		{A590B6A1-2276-490C-B4B4-AA861E353706}.Debug|Any CPU.Build.0 = Debug|Any CPU
		{A590B6A1-2276-490C-B4B4-AA861E353706}.Release|Any CPU.ActiveCfg = Release|Any CPU
		{A590B6A1-2276-490C-B4B4-AA861E353706}.Release|Any CPU.Build.0 = Release|Any CPU
	EndGlobalSection
	GlobalSection(SolutionProperties) = preSolution
		HideSolutionNode = FALSE
	EndGlobalSection
	GlobalSection(ExtensibilityGlobals) = postSolution
		SolutionGuid = {58C2346F-273A-4BE5-B9F1-F577F870063F}
	EndGlobalSection
EndGlobal
